
Microsoft Visual Studio Solution File, Format Version 12.00
# Visual Studio 15
VisualStudioVersion = 15.0.27703.2035
MinimumVisualStudioVersion = 10.0.40219.1
Project("{FAE04EC0-301F-11D3-BF4B-00C04F79EFBC}") = "MFileMVCProject", "MFileMVCProject\MFileMVCProject.csproj", "{E84A1959-FD8B-455C-9844-7D9CA4F27FE0}"
EndProject
Global
	GlobalSection(SolutionConfigurationPlatforms) = preSolution
		Debug|Any CPU = Debug|Any CPU
		Release|Any CPU = Release|Any CPU
	EndGlobalSection
	GlobalSection(ProjectConfigurationPlatforms) = postSolution
		{E84A1959-FD8B-455C-9844-7D9CA4F27FE0}.Debug|Any CPU.ActiveCfg = Debug|Any CPU
		{E84A1959-FD8B-455C-9844-7D9CA4F27FE0}.Debug|Any CPU.Build.0 = Debug|Any CPU
		{E84A1959-FD8B-455C-9844-7D9CA4F27FE0}.Release|Any CPU.ActiveCfg = Release|Any CPU
		{E84A1959-FD8B-455C-9844-7D9CA4F27FE0}.Release|Any CPU.Build.0 = Release|Any CPU
	EndGlobalSection
	GlobalSection(SolutionProperties) = preSolution
		HideSolutionNode = FALSE
	EndGlobalSection
	GlobalSection(ExtensibilityGlobals) = postSolution
		SolutionGuid = {4841D280-20DE-4F75-91B0-2ABB1E6886B2}
	EndGlobalSection
EndGlobal
